
Microsoft Visual Studio Solution File, Format Version 12.00
# Visual Studio Version 17
VisualStudioVersion = 17.10.35122.118
MinimumVisualStudioVersion = 10.0.40219.1
Project("{9A19103F-16F7-4668-BE54-9A1E7A4F7556}") = "Pt_08", "Py_08\Pt_08.csproj", "{4B17691C-2085-471A-8CD3-EA5E97B8FE55}"
EndProject
Project("{9A19103F-16F7-4668-BE54-9A1E7A4F7556}") = "Pt_09", "Pt_09\Pt_09.csproj", "{2B6F4A48-C4D5-4755-85CD-394E2D920F4F}"
EndProject
Project("{9A19103F-16F7-4668-BE54-9A1E7A4F7556}") = "Pt_10", "Pt_10\Pt_10.csproj", "{E2DBE3CF-EA1C-46D2-AB66-A82AF1AE32F8}"
EndProject
Project("{9A19103F-16F7-4668-BE54-9A1E7A4F7556}") = "Pt_11", "Pt_11\Pt_11.csproj", "{10F9C891-1F36-4495-BD51-A8DEDA648B22}"
EndProject
Project("{9A19103F-16F7-4668-BE54-9A1E7A4F7556}") = "Pt_12", "Pt_12\Pt_12.csproj", "{9C74C710-1764-4581-9B8B-F3E224D3EDAA}"
EndProject
Project("{9A19103F-16F7-4668-BE54-9A1E7A4F7556}") = "Pt_13", "Pt_13\Pt_13.csproj", "{33073553-283A-42A2-AC9B-DF6440D7B893}"
EndProject
Project("{9A19103F-16F7-4668-BE54-9A1E7A4F7556}") = "Pt_14", "Pt_14\Pt_14.csproj", "{C5118801-058D-48D4-8AEA-F3101FA7C6F5}"
EndProject
Project("{9A19103F-16F7-4668-BE54-9A1E7A4F7556}") = "Pt_15", "Pt_15\Pt_15.csproj", "{9CA33421-DF7F-458D-A17C-E9577632D40B}"
EndProject
Project("{9A19103F-16F7-4668-BE54-9A1E7A4F7556}") = "Pt_01", "Pt_01\Pt_01.csproj", "{214501D9-F892-4DA6-9FE1-7AF5D2634413}"
EndProject
Project("{9A19103F-16F7-4668-BE54-9A1E7A4F7556}") = "Pt_02", "Pt_02\Pt_02.csproj", "{A9299790-917E-4445-87B6-E12A464F93EB}"
EndProject
Project("{9A19103F-16F7-4668-BE54-9A1E7A4F7556}") = "Pt_03", "Pt_03\Pt_03.csproj", "{5B1F224C-DF74-4415-93DB-854998ECC5A2}"
EndProject
Project("{9A19103F-16F7-4668-BE54-9A1E7A4F7556}") = "Pt_04", "Pt_04\Pt_04.csproj", "{6CAE6687-103C-4079-93E3-A62AB95317AF}"
EndProject
Project("{9A19103F-16F7-4668-BE54-9A1E7A4F7556}") = "Pt_05", "Pt_05\Pt_05.csproj", "{1180641B-761B-4C2C-A52E-4506D93EFA1D}"
EndProject
Project("{9A19103F-16F7-4668-BE54-9A1E7A4F7556}") = "Pt_06", "Pt_06\Pt_06.csproj", "{9C28EADC-B7E6-467B-83F2-70F7FEB149E1}"
EndProject
Project("{9A19103F-16F7-4668-BE54-9A1E7A4F7556}") = "Pt_07", "Pt_07\Pt_07.csproj", "{BE84D6AE-A56E-4A2F-8F2A-6700CDFE064D}"
EndProject
Project("{9A19103F-16F7-4668-BE54-9A1E7A4F7556}") = "Pt_16", "Pt_16\Pt_16.csproj", "{423B92BF-C732-419C-84D8-98F754A049BC}"
EndProject
Project("{9A19103F-16F7-4668-BE54-9A1E7A4F7556}") = "Pt_17", "Pt_17\Pt_17.csproj", "{32902F4B-9F7E-446D-B836-E5042EF54BAA}"
EndProject
Project("{9A19103F-16F7-4668-BE54-9A1E7A4F7556}") = "Pt_18", "Pt_18\Pt_18.csproj", "{C274C90C-92B1-4BA8-85D1-42FDE64CE985}"
EndProject
Project("{FAE04EC0-301F-11D3-BF4B-00C04F79EFBC}") = "Pt_19", "Pt_19\Pt_19.csproj", "{2DC0AE73-7B9B-4197-91B0-64C5EA67A523}"
EndProject
Project("{FAE04EC0-301F-11D3-BF4B-00C04F79EFBC}") = "Pt_20", "Pt_20\Pt_20.csproj", "{02E91392-D0A3-4B90-A8F5-03124A333048}"
EndProject
Global
	GlobalSection(SolutionConfigurationPlatforms) = preSolution
		Debug|Any CPU = Debug|Any CPU
		Release|Any CPU = Release|Any CPU
	EndGlobalSection
	GlobalSection(ProjectConfigurationPlatforms) = postSolution
		{4B17691C-2085-471A-8CD3-EA5E97B8FE55}.Debug|Any CPU.ActiveCfg = Debug|Any CPU
		{4B17691C-2085-471A-8CD3-EA5E97B8FE55}.Debug|Any CPU.Build.0 = Debug|Any CPU
		{4B17691C-2085-471A-8CD3-EA5E97B8FE55}.Release|Any CPU.ActiveCfg = Release|Any CPU
		{4B17691C-2085-471A-8CD3-EA5E97B8FE55}.Release|Any CPU.Build.0 = Release|Any CPU
		{2B6F4A48-C4D5-4755-85CD-394E2D920F4F}.Debug|Any CPU.ActiveCfg = Debug|Any CPU
		{2B6F4A48-C4D5-4755-85CD-394E2D920F4F}.Debug|Any CPU.Build.0 = Debug|Any CPU
		{2B6F4A48-C4D5-4755-85CD-394E2D920F4F}.Release|Any CPU.ActiveCfg = Release|Any CPU
		{2B6F4A48-C4D5-4755-85CD-394E2D920F4F}.Release|Any CPU.Build.0 = Release|Any CPU
		{E2DBE3CF-EA1C-46D2-AB66-A82AF1AE32F8}.Debug|Any CPU.ActiveCfg = Debug|Any CPU
		{E2DBE3CF-EA1C-46D2-AB66-A82AF1AE32F8}.Debug|Any CPU.Build.0 = Debug|Any CPU
		{E2DBE3CF-EA1C-46D2-AB66-A82AF1AE32F8}.Release|Any CPU.ActiveCfg = Release|Any CPU
		{E2DBE3CF-EA1C-46D2-AB66-A82AF1AE32F8}.Release|Any CPU.Build.0 = Release|Any CPU
		{10F9C891-1F36-4495-BD51-A8DEDA648B22}.Debug|Any CPU.ActiveCfg = Debug|Any CPU
		{10F9C891-1F36-4495-BD51-A8DEDA648B22}.Debug|Any CPU.Build.0 = Debug|Any CPU
		{10F9C891-1F36-4495-BD51-A8DEDA648B22}.Release|Any CPU.ActiveCfg = Release|Any CPU
		{10F9C891-1F36-4495-BD51-A8DEDA648B22}.Release|Any CPU.Build.0 = Release|Any CPU
		{9C74C710-1764-4581-9B8B-F3E224D3EDAA}.Debug|Any CPU.ActiveCfg = Debug|Any CPU
		{9C74C710-1764-4581-9B8B-F3E224D3EDAA}.Debug|Any CPU.Build.0 = Debug|Any CPU
		{9C74C710-1764-4581-9B8B-F3E224D3EDAA}.Release|Any CPU.ActiveCfg = Release|Any CPU
		{9C74C710-1764-4581-9B8B-F3E224D3EDAA}.Release|Any CPU.Build.0 = Release|Any CPU
		{33073553-283A-42A2-AC9B-DF6440D7B893}.Debug|Any CPU.ActiveCfg = Debug|Any CPU
		{33073553-283A-42A2-AC9B-DF6440D7B893}.Debug|Any CPU.Build.0 = Debug|Any CPU
		{33073553-283A-42A2-AC9B-DF6440D7B893}.Release|Any CPU.ActiveCfg = Release|Any CPU
		{33073553-283A-42A2-AC9B-DF6440D7B893}.Release|Any CPU.Build.0 = Release|Any CPU
		{C5118801-058D-48D4-8AEA-F3101FA7C6F5}.Debug|Any CPU.ActiveCfg = Debug|Any CPU
		{C5118801-058D-48D4-8AEA-F3101FA7C6F5}.Debug|Any CPU.Build.0 = Debug|Any CPU
		{C5118801-058D-48D4-8AEA-F3101FA7C6F5}.Release|Any CPU.ActiveCfg = Release|Any CPU
		{C5118801-058D-48D4-8AEA-F3101FA7C6F5}.Release|Any CPU.Build.0 = Release|Any CPU
		{9CA33421-DF7F-458D-A17C-E9577632D40B}.Debug|Any CPU.ActiveCfg = Debug|Any CPU
		{9CA33421-DF7F-458D-A17C-E9577632D40B}.Debug|Any CPU.Build.0 = Debug|Any CPU
		{9CA33421-DF7F-458D-A17C-E9577632D40B}.Release|Any CPU.ActiveCfg = Release|Any CPU
		{9CA33421-DF7F-458D-A17C-E9577632D40B}.Release|Any CPU.Build.0 = Release|Any CPU
		{214501D9-F892-4DA6-9FE1-7AF5D2634413}.Debug|Any CPU.ActiveCfg = Debug|Any CPU
		{214501D9-F892-4DA6-9FE1-7AF5D2634413}.Debug|Any CPU.Build.0 = Debug|Any CPU
		{214501D9-F892-4DA6-9FE1-7AF5D2634413}.Release|Any CPU.ActiveCfg = Release|Any CPU
		{214501D9-F892-4DA6-9FE1-7AF5D2634413}.Release|Any CPU.Build.0 = Release|Any CPU
		{A9299790-917E-4445-87B6-E12A464F93EB}.Debug|Any CPU.ActiveCfg = Debug|Any CPU
		{A9299790-917E-4445-87B6-E12A464F93EB}.Debug|Any CPU.Build.0 = Debug|Any CPU
		{A9299790-917E-4445-87B6-E12A464F93EB}.Release|Any CPU.ActiveCfg = Release|Any CPU
		{A9299790-917E-4445-87B6-E12A464F93EB}.Release|Any CPU.Build.0 = Release|Any CPU
		{5B1F224C-DF74-4415-93DB-854998ECC5A2}.Debug|Any CPU.ActiveCfg = Debug|Any CPU
		{5B1F224C-DF74-4415-93DB-854998ECC5A2}.Debug|Any CPU.Build.0 = Debug|Any CPU
		{5B1F224C-DF74-4415-93DB-854998ECC5A2}.Release|Any CPU.ActiveCfg = Release|Any CPU
		{5B1F224C-DF74-4415-93DB-854998ECC5A2}.Release|Any CPU.Build.0 = Release|Any CPU
		{6CAE6687-103C-4079-93E3-A62AB95317AF}.Debug|Any CPU.ActiveCfg = Debug|Any CPU
		{6CAE6687-103C-4079-93E3-A62AB95317AF}.Debug|Any CPU.Build.0 = Debug|Any CPU
		{6CAE6687-103C-4079-93E3-A62AB95317AF}.Release|Any CPU.ActiveCfg = Release|Any CPU
		{6CAE6687-103C-4079-93E3-A62AB95317AF}.Release|Any CPU.Build.0 = Release|Any CPU
		{1180641B-761B-4C2C-A52E-4506D93EFA1D}.Debug|Any CPU.ActiveCfg = Debug|Any CPU
		{1180641B-761B-4C2C-A52E-4506D93EFA1D}.Debug|Any CPU.Build.0 = Debug|Any CPU
		{1180641B-761B-4C2C-A52E-4506D93EFA1D}.Release|Any CPU.ActiveCfg = Release|Any CPU
		{1180641B-761B-4C2C-A52E-4506D93EFA1D}.Release|Any CPU.Build.0 = Release|Any CPU
		{9C28EADC-B7E6-467B-83F2-70F7FEB149E1}.Debug|Any CPU.ActiveCfg = Debug|Any CPU
		{9C28EADC-B7E6-467B-83F2-70F7FEB149E1}.Debug|Any CPU.Build.0 = Debug|Any CPU
		{9C28EADC-B7E6-467B-83F2-70F7FEB149E1}.Release|Any CPU.ActiveCfg = Release|Any CPU
		{9C28EADC-B7E6-467B-83F2-70F7FEB149E1}.Release|Any CPU.Build.0 = Release|Any CPU
		{BE84D6AE-A56E-4A2F-8F2A-6700CDFE064D}.Debug|Any CPU.ActiveCfg = Debug|Any CPU
		{BE84D6AE-A56E-4A2F-8F2A-6700CDFE064D}.Debug|Any CPU.Build.0 = Debug|Any CPU
		{BE84D6AE-A56E-4A2F-8F2A-6700CDFE064D}.Release|Any CPU.ActiveCfg = Release|Any CPU
		{BE84D6AE-A56E-4A2F-8F2A-6700CDFE064D}.Release|Any CPU.Build.0 = Release|Any CPU
		{423B92BF-C732-419C-84D8-98F754A049BC}.Debug|Any CPU.ActiveCfg = Debug|Any CPU
		{423B92BF-C732-419C-84D8-98F754A049BC}.Debug|Any CPU.Build.0 = Debug|Any CPU
		{423B92BF-C732-419C-84D8-98F754A049BC}.Release|Any CPU.ActiveCfg = Release|Any CPU
		{423B92BF-C732-419C-84D8-98F754A049BC}.Release|Any CPU.Build.0 = Release|Any CPU
		{32902F4B-9F7E-446D-B836-E5042EF54BAA}.Debug|Any CPU.ActiveCfg = Debug|Any CPU
		{32902F4B-9F7E-446D-B836-E5042EF54BAA}.Debug|Any CPU.Build.0 = Debug|Any CPU
		{32902F4B-9F7E-446D-B836-E5042EF54BAA}.Release|Any CPU.ActiveCfg = Release|Any CPU
		{32902F4B-9F7E-446D-B836-E5042EF54BAA}.Release|Any CPU.Build.0 = Release|Any CPU
		{C274C90C-92B1-4BA8-85D1-42FDE64CE985}.Debug|Any CPU.ActiveCfg = Debug|Any CPU
		{C274C90C-92B1-4BA8-85D1-42FDE64CE985}.Debug|Any CPU.Build.0 = Debug|Any CPU
		{C274C90C-92B1-4BA8-85D1-42FDE64CE985}.Release|Any CPU.ActiveCfg = Release|Any CPU
		{C274C90C-92B1-4BA8-85D1-42FDE64CE985}.Release|Any CPU.Build.0 = Release|Any CPU
		{2DC0AE73-7B9B-4197-91B0-64C5EA67A523}.Debug|Any CPU.ActiveCfg = Debug|Any CPU
		{2DC0AE73-7B9B-4197-91B0-64C5EA67A523}.Debug|Any CPU.Build.0 = Debug|Any CPU
		{2DC0AE73-7B9B-4197-91B0-64C5EA67A523}.Release|Any CPU.ActiveCfg = Release|Any CPU
		{2DC0AE73-7B9B-4197-91B0-64C5EA67A523}.Release|Any CPU.Build.0 = Release|Any CPU
		{02E91392-D0A3-4B90-A8F5-03124A333048}.Debug|Any CPU.ActiveCfg = Debug|Any CPU
		{02E91392-D0A3-4B90-A8F5-03124A333048}.Debug|Any CPU.Build.0 = Debug|Any CPU
		{02E91392-D0A3-4B90-A8F5-03124A333048}.Release|Any CPU.ActiveCfg = Release|Any CPU
		{02E91392-D0A3-4B90-A8F5-03124A333048}.Release|Any CPU.Build.0 = Release|Any CPU
	EndGlobalSection
	GlobalSection(SolutionProperties) = preSolution
		HideSolutionNode = FALSE
	EndGlobalSection
	GlobalSection(ExtensibilityGlobals) = postSolution
		SolutionGuid = {C7C9C1E5-7631-46F6-87D8-83F51A37FA6F}
	EndGlobalSection
EndGlobal
